
Microsoft Visual Studio Solution File, Format Version 12.00
# Visual Studio 15
VisualStudioVersion = 15.0.27428.2043
MinimumVisualStudioVersion = 10.0.40219.1
Project("{8BC9CEB8-8B4A-11D0-8D11-00A0C91BC942}") = "MainWindow", "MainWindow.vcxproj", "{A9B60815-EF7B-3A3B-A5E7-8FA88FA21256}"
EndProject
Global
	GlobalSection(SolutionConfigurationPlatforms) = preSolution
		Debug|x64 = Debug|x64
		Release|x64 = Release|x64
	EndGlobalSection
	GlobalSection(ProjectConfigurationPlatforms) = postSolution
		{A9B60815-EF7B-3A3B-A5E7-8FA88FA21256}.Debug|x64.ActiveCfg = Debug|x64
		{A9B60815-EF7B-3A3B-A5E7-8FA88FA21256}.Debug|x64.Build.0 = Debug|x64
		{A9B60815-EF7B-3A3B-A5E7-8FA88FA21256}.Release|x64.ActiveCfg = Release|x64
		{A9B60815-EF7B-3A3B-A5E7-8FA88FA21256}.Release|x64.Build.0 = Release|x64
	EndGlobalSection
	GlobalSection(SolutionProperties) = preSolution
		HideSolutionNode = FALSE
	EndGlobalSection
	GlobalSection(ExtensibilityGlobals) = postSolution
		SolutionGuid = {3CC0D67F-AD8B-4FB5-8916-35148572FB97}
	EndGlobalSection
EndGlobal
